// !$*UTF8*$!
{
	archiveVersion = 1;
	classes = {
	};
	objectVersion = 46;
	objects = {

/* Begin PBXBuildFile section */
		3C307E711AE2004800C7FDB8 /* WebTestingViewController.swift in Sources */ = {isa = PBXBuildFile; fileRef = 3C307E701AE2004800C7FDB8 /* WebTestingViewController.swift */; };
		3C4A34821AED36D200B73F6D /* EvaluationTableViewController.swift in Sources */ = {isa = PBXBuildFile; fileRef = 3C4A34811AED36D200B73F6D /* EvaluationTableViewController.swift */; };
		3C4C5FBA1AB4644A00371FAB /* GroupTableViewCell.swift in Sources */ = {isa = PBXBuildFile; fileRef = 3C4C5FB91AB4644A00371FAB /* GroupTableViewCell.swift */; };
		3C4C5FBC1AB6B5F000371FAB /* CommentsTableViewController.swift in Sources */ = {isa = PBXBuildFile; fileRef = 3C4C5FBB1AB6B5F000371FAB /* CommentsTableViewController.swift */; };
		3C4C5FC01AB6D93100371FAB /* ParseUI.framework in Frameworks */ = {isa = PBXBuildFile; fileRef = 3C4C5FBF1AB6D93100371FAB /* ParseUI.framework */; };
		3C4C5FC31AB6D97F00371FAB /* ParseCrashReporting.framework in Frameworks */ = {isa = PBXBuildFile; fileRef = 3C4C5FC11AB6D97F00371FAB /* ParseCrashReporting.framework */; };
		3C4C5FC41AB6D97F00371FAB /* ParseFacebookUtils.framework in Frameworks */ = {isa = PBXBuildFile; fileRef = 3C4C5FC21AB6D97F00371FAB /* ParseFacebookUtils.framework */; };
		3C4C5FC61AB7C10D00371FAB /* CommentsTableViewCell.swift in Sources */ = {isa = PBXBuildFile; fileRef = 3C4C5FC51AB7C10D00371FAB /* CommentsTableViewCell.swift */; };
		3C56EEFE1AB9A991000BA5D0 /* ReplyViewController.swift in Sources */ = {isa = PBXBuildFile; fileRef = 3C56EEFD1AB9A991000BA5D0 /* ReplyViewController.swift */; };
		3C809D311AAC388A007318D1 /* AppDelegate.swift in Sources */ = {isa = PBXBuildFile; fileRef = 3C809D301AAC388A007318D1 /* AppDelegate.swift */; };
		3C809D331AAC388A007318D1 /* ViewController.swift in Sources */ = {isa = PBXBuildFile; fileRef = 3C809D321AAC388A007318D1 /* ViewController.swift */; };
		3C809D361AAC388A007318D1 /* Main.storyboard in Resources */ = {isa = PBXBuildFile; fileRef = 3C809D341AAC388A007318D1 /* Main.storyboard */; };
		3C809D381AAC388A007318D1 /* Images.xcassets in Resources */ = {isa = PBXBuildFile; fileRef = 3C809D371AAC388A007318D1 /* Images.xcassets */; };
		3C809D3B1AAC388A007318D1 /* LaunchScreen.xib in Resources */ = {isa = PBXBuildFile; fileRef = 3C809D391AAC388A007318D1 /* LaunchScreen.xib */; };
		3C809D471AAC388A007318D1 /* learningAppTests.swift in Sources */ = {isa = PBXBuildFile; fileRef = 3C809D461AAC388A007318D1 /* learningAppTests.swift */; };
		3C809D511AAC3970007318D1 /* Parse.framework in Frameworks */ = {isa = PBXBuildFile; fileRef = 3C809D501AAC3970007318D1 /* Parse.framework */; };
		3C809D531AAC3979007318D1 /* Bolts.framework in Frameworks */ = {isa = PBXBuildFile; fileRef = 3C809D521AAC3979007318D1 /* Bolts.framework */; };
		3C809D551AAC39A3007318D1 /* AudioToolbox.framework in Frameworks */ = {isa = PBXBuildFile; fileRef = 3C809D541AAC39A3007318D1 /* AudioToolbox.framework */; };
		3C809D571AAC39B1007318D1 /* CFNetwork.framework in Frameworks */ = {isa = PBXBuildFile; fileRef = 3C809D561AAC39B1007318D1 /* CFNetwork.framework */; };
		3C809D591AAC39BC007318D1 /* CoreGraphics.framework in Frameworks */ = {isa = PBXBuildFile; fileRef = 3C809D581AAC39BC007318D1 /* CoreGraphics.framework */; };
		3C809D5B1AAC39C6007318D1 /* CoreLocation.framework in Frameworks */ = {isa = PBXBuildFile; fileRef = 3C809D5A1AAC39C6007318D1 /* CoreLocation.framework */; };
		3C809D5D1AAC39D0007318D1 /* MobileCoreServices.framework in Frameworks */ = {isa = PBXBuildFile; fileRef = 3C809D5C1AAC39D0007318D1 /* MobileCoreServices.framework */; };
		3C809D5F1AAC39D9007318D1 /* QuartzCore.framework in Frameworks */ = {isa = PBXBuildFile; fileRef = 3C809D5E1AAC39D9007318D1 /* QuartzCore.framework */; };
		3C809D611AAC39E2007318D1 /* Security.framework in Frameworks */ = {isa = PBXBuildFile; fileRef = 3C809D601AAC39E2007318D1 /* Security.framework */; };
		3C809D631AAC39EB007318D1 /* StoreKit.framework in Frameworks */ = {isa = PBXBuildFile; fileRef = 3C809D621AAC39EB007318D1 /* StoreKit.framework */; };
		3C809D651AAC39F6007318D1 /* SystemConfiguration.framework in Frameworks */ = {isa = PBXBuildFile; fileRef = 3C809D641AAC39F6007318D1 /* SystemConfiguration.framework */; };
		3C809D671AAC3A0A007318D1 /* libz.dylib in Frameworks */ = {isa = PBXBuildFile; fileRef = 3C809D661AAC3A0A007318D1 /* libz.dylib */; };
		3C809D691AAC3A18007318D1 /* libsqlite3.dylib in Frameworks */ = {isa = PBXBuildFile; fileRef = 3C809D681AAC3A18007318D1 /* libsqlite3.dylib */; };
		3C809D711AAC879D007318D1 /* TopicTableViewController.swift in Sources */ = {isa = PBXBuildFile; fileRef = 3C809D701AAC879D007318D1 /* TopicTableViewController.swift */; };
		3C809D731AAC87E8007318D1 /* ComposeTopicViewController.swift in Sources */ = {isa = PBXBuildFile; fileRef = 3C809D721AAC87E8007318D1 /* ComposeTopicViewController.swift */; };
		3C809D751AAC8AE7007318D1 /* TopicTableViewCell.swift in Sources */ = {isa = PBXBuildFile; fileRef = 3C809D741AAC8AE7007318D1 /* TopicTableViewCell.swift */; };
		3C852E381AB2D7E9001F5FA1 /* AsyncButton.swift in Sources */ = {isa = PBXBuildFile; fileRef = 3C852E1A1AB2D7E9001F5FA1 /* AsyncButton.swift */; };
		3C852E391AB2D7E9001F5FA1 /* AsyncImageView.swift in Sources */ = {isa = PBXBuildFile; fileRef = 3C852E1B1AB2D7E9001F5FA1 /* AsyncImageView.swift */; };
		3C852E3A1AB2D7E9001F5FA1 /* AutoTextView.swift in Sources */ = {isa = PBXBuildFile; fileRef = 3C852E1C1AB2D7E9001F5FA1 /* AutoTextView.swift */; };
		3C852E3B1AB2D7E9001F5FA1 /* BlurView.swift in Sources */ = {isa = PBXBuildFile; fileRef = 3C852E1D1AB2D7E9001F5FA1 /* BlurView.swift */; };
		3C852E3C1AB2D7E9001F5FA1 /* DesignableButton.swift in Sources */ = {isa = PBXBuildFile; fileRef = 3C852E1E1AB2D7E9001F5FA1 /* DesignableButton.swift */; };
		3C852E3D1AB2D7E9001F5FA1 /* DesignableImageView.swift in Sources */ = {isa = PBXBuildFile; fileRef = 3C852E1F1AB2D7E9001F5FA1 /* DesignableImageView.swift */; };
		3C852E3E1AB2D7E9001F5FA1 /* DesignableLabel.swift in Sources */ = {isa = PBXBuildFile; fileRef = 3C852E201AB2D7E9001F5FA1 /* DesignableLabel.swift */; };
		3C852E3F1AB2D7E9001F5FA1 /* DesignableTabBarController.swift in Sources */ = {isa = PBXBuildFile; fileRef = 3C852E211AB2D7E9001F5FA1 /* DesignableTabBarController.swift */; };
		3C852E401AB2D7E9001F5FA1 /* DesignableTextField.swift in Sources */ = {isa = PBXBuildFile; fileRef = 3C852E221AB2D7E9001F5FA1 /* DesignableTextField.swift */; };
		3C852E411AB2D7E9001F5FA1 /* DesignableTextView.swift in Sources */ = {isa = PBXBuildFile; fileRef = 3C852E231AB2D7E9001F5FA1 /* DesignableTextView.swift */; };
		3C852E421AB2D7E9001F5FA1 /* DesignableView.swift in Sources */ = {isa = PBXBuildFile; fileRef = 3C852E241AB2D7E9001F5FA1 /* DesignableView.swift */; };
		3C852E431AB2D7E9001F5FA1 /* ImageLoader.swift in Sources */ = {isa = PBXBuildFile; fileRef = 3C852E251AB2D7E9001F5FA1 /* ImageLoader.swift */; };
		3C852E441AB2D7E9001F5FA1 /* Info.plist in Resources */ = {isa = PBXBuildFile; fileRef = 3C852E261AB2D7E9001F5FA1 /* Info.plist */; };
		3C852E451AB2D7E9001F5FA1 /* KeyboardLayoutConstraint.swift in Sources */ = {isa = PBXBuildFile; fileRef = 3C852E271AB2D7E9001F5FA1 /* KeyboardLayoutConstraint.swift */; };
		3C852E461AB2D7E9001F5FA1 /* LoadingView.swift in Sources */ = {isa = PBXBuildFile; fileRef = 3C852E281AB2D7E9001F5FA1 /* LoadingView.swift */; };
		3C852E471AB2D7E9001F5FA1 /* LoadingView.xib in Resources */ = {isa = PBXBuildFile; fileRef = 3C852E291AB2D7E9001F5FA1 /* LoadingView.xib */; };
		3C852E481AB2D7E9001F5FA1 /* Misc.swift in Sources */ = {isa = PBXBuildFile; fileRef = 3C852E2A1AB2D7E9001F5FA1 /* Misc.swift */; };
		3C852E491AB2D7E9001F5FA1 /* SoundPlayer.swift in Sources */ = {isa = PBXBuildFile; fileRef = 3C852E2B1AB2D7E9001F5FA1 /* SoundPlayer.swift */; };
		3C852E4A1AB2D7E9001F5FA1 /* Spring.swift in Sources */ = {isa = PBXBuildFile; fileRef = 3C852E2D1AB2D7E9001F5FA1 /* Spring.swift */; };
		3C852E4B1AB2D7E9001F5FA1 /* SpringAnimation.swift in Sources */ = {isa = PBXBuildFile; fileRef = 3C852E2E1AB2D7E9001F5FA1 /* SpringAnimation.swift */; };
		3C852E4C1AB2D7E9001F5FA1 /* SpringButton.swift in Sources */ = {isa = PBXBuildFile; fileRef = 3C852E2F1AB2D7E9001F5FA1 /* SpringButton.swift */; };
		3C852E4D1AB2D7E9001F5FA1 /* SpringImageView.swift in Sources */ = {isa = PBXBuildFile; fileRef = 3C852E301AB2D7E9001F5FA1 /* SpringImageView.swift */; };
		3C852E4E1AB2D7E9001F5FA1 /* SpringLabel.swift in Sources */ = {isa = PBXBuildFile; fileRef = 3C852E311AB2D7E9001F5FA1 /* SpringLabel.swift */; };
		3C852E4F1AB2D7E9001F5FA1 /* SpringTextField.swift in Sources */ = {isa = PBXBuildFile; fileRef = 3C852E321AB2D7E9001F5FA1 /* SpringTextField.swift */; };
		3C852E501AB2D7E9001F5FA1 /* SpringTextView.swift in Sources */ = {isa = PBXBuildFile; fileRef = 3C852E331AB2D7E9001F5FA1 /* SpringTextView.swift */; };
		3C852E511AB2D7E9001F5FA1 /* SpringView.swift in Sources */ = {isa = PBXBuildFile; fileRef = 3C852E341AB2D7E9001F5FA1 /* SpringView.swift */; };
		3C852E521AB2D7E9001F5FA1 /* TransitionManager.swift in Sources */ = {isa = PBXBuildFile; fileRef = 3C852E351AB2D7E9001F5FA1 /* TransitionManager.swift */; };
		3C852E531AB2D7E9001F5FA1 /* TransitionZoom.swift in Sources */ = {isa = PBXBuildFile; fileRef = 3C852E361AB2D7E9001F5FA1 /* TransitionZoom.swift */; };
		3C852E541AB2D7E9001F5FA1 /* UnwindSegue.swift in Sources */ = {isa = PBXBuildFile; fileRef = 3C852E371AB2D7E9001F5FA1 /* UnwindSegue.swift */; };
		3C852E581AB2DC46001F5FA1 /* GroupsTableViewController.swift in Sources */ = {isa = PBXBuildFile; fileRef = 3C852E571AB2DC46001F5FA1 /* GroupsTableViewController.swift */; };
		3C852E5A1AB30A04001F5FA1 /* LoginViewController.swift in Sources */ = {isa = PBXBuildFile; fileRef = 3C852E591AB30A04001F5FA1 /* LoginViewController.swift */; };
		3C852E5C1AB30D36001F5FA1 /* SignUpViewController.swift in Sources */ = {isa = PBXBuildFile; fileRef = 3C852E5B1AB30D36001F5FA1 /* SignUpViewController.swift */; };
		3C92EA861AE010B200EC0B60 /* refresh.wav in Resources */ = {isa = PBXBuildFile; fileRef = 3C92EA841AE010B200EC0B60 /* refresh.wav */; };
		3C92EA871AE010B200EC0B60 /* upvote.wav in Resources */ = {isa = PBXBuildFile; fileRef = 3C92EA851AE010B200EC0B60 /* upvote.wav */; };
		3CC0097B1AD66F7900227326 /* Reachability.m in Sources */ = {isa = PBXBuildFile; fileRef = 3CC0097A1AD66F7900227326 /* Reachability.m */; };
		3CDD36721AD0E55B00DFC79A /* SanFranciscoDisplay-Black.otf in Resources */ = {isa = PBXBuildFile; fileRef = 3CDD365B1AD0E55B00DFC79A /* SanFranciscoDisplay-Black.otf */; };
		3CDD36731AD0E55B00DFC79A /* SanFranciscoDisplay-Bold.otf in Resources */ = {isa = PBXBuildFile; fileRef = 3CDD365C1AD0E55B00DFC79A /* SanFranciscoDisplay-Bold.otf */; };
		3CDD36741AD0E55B00DFC79A /* SanFranciscoDisplay-Heavy.otf in Resources */ = {isa = PBXBuildFile; fileRef = 3CDD365D1AD0E55B00DFC79A /* SanFranciscoDisplay-Heavy.otf */; };
		3CDD36751AD0E55B00DFC79A /* SanFranciscoDisplay-Light.otf in Resources */ = {isa = PBXBuildFile; fileRef = 3CDD365E1AD0E55B00DFC79A /* SanFranciscoDisplay-Light.otf */; };
		3CDD36761AD0E55B00DFC79A /* SanFranciscoDisplay-Medium.otf in Resources */ = {isa = PBXBuildFile; fileRef = 3CDD365F1AD0E55B00DFC79A /* SanFranciscoDisplay-Medium.otf */; };
		3CDD36771AD0E55B00DFC79A /* SanFranciscoDisplay-Regular.otf in Resources */ = {isa = PBXBuildFile; fileRef = 3CDD36601AD0E55B00DFC79A /* SanFranciscoDisplay-Regular.otf */; };
		3CDD36781AD0E55B00DFC79A /* SanFranciscoDisplay-Semibold.otf in Resources */ = {isa = PBXBuildFile; fileRef = 3CDD36611AD0E55B00DFC79A /* SanFranciscoDisplay-Semibold.otf */; };
		3CDD36791AD0E55B00DFC79A /* SanFranciscoDisplay-Thin.otf in Resources */ = {isa = PBXBuildFile; fileRef = 3CDD36621AD0E55B00DFC79A /* SanFranciscoDisplay-Thin.otf */; };
		3CDD367A1AD0E55B00DFC79A /* SanFranciscoDisplay-Ultralight.otf in Resources */ = {isa = PBXBuildFile; fileRef = 3CDD36631AD0E55B00DFC79A /* SanFranciscoDisplay-Ultralight.otf */; };
		3CDD367B1AD0E55B00DFC79A /* SanFranciscoText-Bold.otf in Resources */ = {isa = PBXBuildFile; fileRef = 3CDD36641AD0E55B00DFC79A /* SanFranciscoText-Bold.otf */; };
		3CDD367C1AD0E55B00DFC79A /* SanFranciscoText-BoldItalic.otf in Resources */ = {isa = PBXBuildFile; fileRef = 3CDD36651AD0E55B00DFC79A /* SanFranciscoText-BoldItalic.otf */; };
		3CDD367D1AD0E55B00DFC79A /* SanFranciscoText-Heavy.otf in Resources */ = {isa = PBXBuildFile; fileRef = 3CDD36661AD0E55B00DFC79A /* SanFranciscoText-Heavy.otf */; };
		3CDD367E1AD0E55B00DFC79A /* SanFranciscoText-HeavyItalic.otf in Resources */ = {isa = PBXBuildFile; fileRef = 3CDD36671AD0E55B00DFC79A /* SanFranciscoText-HeavyItalic.otf */; };
		3CDD367F1AD0E55B00DFC79A /* SanFranciscoText-Light.otf in Resources */ = {isa = PBXBuildFile; fileRef = 3CDD36681AD0E55B00DFC79A /* SanFranciscoText-Light.otf */; };
		3CDD36801AD0E55B00DFC79A /* SanFranciscoText-LightItalic.otf in Resources */ = {isa = PBXBuildFile; fileRef = 3CDD36691AD0E55B00DFC79A /* SanFranciscoText-LightItalic.otf */; };
		3CDD36811AD0E55B00DFC79A /* SanFranciscoText-Medium.otf in Resources */ = {isa = PBXBuildFile; fileRef = 3CDD366A1AD0E55B00DFC79A /* SanFranciscoText-Medium.otf */; };
		3CDD36821AD0E55B00DFC79A /* SanFranciscoText-MediumItalic.otf in Resources */ = {isa = PBXBuildFile; fileRef = 3CDD366B1AD0E55B00DFC79A /* SanFranciscoText-MediumItalic.otf */; };
		3CDD36831AD0E55B00DFC79A /* SanFranciscoText-Regular.otf in Resources */ = {isa = PBXBuildFile; fileRef = 3CDD366C1AD0E55B00DFC79A /* SanFranciscoText-Regular.otf */; };
		3CDD36841AD0E55B00DFC79A /* SanFranciscoText-RegularItalic.otf in Resources */ = {isa = PBXBuildFile; fileRef = 3CDD366D1AD0E55B00DFC79A /* SanFranciscoText-RegularItalic.otf */; };
		3CDD36851AD0E55B00DFC79A /* SanFranciscoText-Semibold.otf in Resources */ = {isa = PBXBuildFile; fileRef = 3CDD366E1AD0E55B00DFC79A /* SanFranciscoText-Semibold.otf */; };
		3CDD36861AD0E55B00DFC79A /* SanFranciscoText-SemiboldItalic.otf in Resources */ = {isa = PBXBuildFile; fileRef = 3CDD366F1AD0E55B00DFC79A /* SanFranciscoText-SemiboldItalic.otf */; };
		3CDD36871AD0E55B00DFC79A /* SanFranciscoText-Thin.otf in Resources */ = {isa = PBXBuildFile; fileRef = 3CDD36701AD0E55B00DFC79A /* SanFranciscoText-Thin.otf */; };
		3CDD36881AD0E55B00DFC79A /* SanFranciscoText-ThinItalic.otf in Resources */ = {isa = PBXBuildFile; fileRef = 3CDD36711AD0E55B00DFC79A /* SanFranciscoText-ThinItalic.otf */; };
		3CE840861AD7A33D006CE2B4 /* WebViewController.swift in Sources */ = {isa = PBXBuildFile; fileRef = 3CE840851AD7A33D006CE2B4 /* WebViewController.swift */; };
		3CE840881AD93019006CE2B4 /* TestingViewController.swift in Sources */ = {isa = PBXBuildFile; fileRef = 3CE840871AD93019006CE2B4 /* TestingViewController.swift */; };
		3CE9D3711ABEFA9C00D08A7C /* CreateGroupViewController.swift in Sources */ = {isa = PBXBuildFile; fileRef = 3CE9D3701ABEFA9C00D08A7C /* CreateGroupViewController.swift */; };
/* End PBXBuildFile section */

/* Begin PBXContainerItemProxy section */
		3C809D411AAC388A007318D1 /* PBXContainerItemProxy */ = {
			isa = PBXContainerItemProxy;
			containerPortal = 3C809D231AAC388A007318D1 /* Project object */;
			proxyType = 1;
			remoteGlobalIDString = 3C809D2A1AAC388A007318D1;
			remoteInfo = learningApp;
		};
/* End PBXContainerItemProxy section */

/* Begin PBXFileReference section */
		3C307E701AE2004800C7FDB8 /* WebTestingViewController.swift */ = {isa = PBXFileReference; fileEncoding = 4; lastKnownFileType = sourcecode.swift; path = WebTestingViewController.swift; sourceTree = "<group>"; };
		3C4A34811AED36D200B73F6D /* EvaluationTableViewController.swift */ = {isa = PBXFileReference; fileEncoding = 4; lastKnownFileType = sourcecode.swift; path = EvaluationTableViewController.swift; sourceTree = "<group>"; };
		3C4C5FB91AB4644A00371FAB /* GroupTableViewCell.swift */ = {isa = PBXFileReference; fileEncoding = 4; lastKnownFileType = sourcecode.swift; path = GroupTableViewCell.swift; sourceTree = "<group>"; };
		3C4C5FBB1AB6B5F000371FAB /* CommentsTableViewController.swift */ = {isa = PBXFileReference; fileEncoding = 4; lastKnownFileType = sourcecode.swift; path = CommentsTableViewController.swift; sourceTree = "<group>"; };
		3C4C5FBF1AB6D93100371FAB /* ParseUI.framework */ = {isa = PBXFileReference; lastKnownFileType = wrapper.framework; path = ParseUI.framework; sourceTree = "<group>"; };
		3C4C5FC11AB6D97F00371FAB /* ParseCrashReporting.framework */ = {isa = PBXFileReference; lastKnownFileType = wrapper.framework; path = ParseCrashReporting.framework; sourceTree = "<group>"; };
		3C4C5FC21AB6D97F00371FAB /* ParseFacebookUtils.framework */ = {isa = PBXFileReference; lastKnownFileType = wrapper.framework; path = ParseFacebookUtils.framework; sourceTree = "<group>"; };
		3C4C5FC51AB7C10D00371FAB /* CommentsTableViewCell.swift */ = {isa = PBXFileReference; fileEncoding = 4; lastKnownFileType = sourcecode.swift; path = CommentsTableViewCell.swift; sourceTree = "<group>"; };
		3C56EEFD1AB9A991000BA5D0 /* ReplyViewController.swift */ = {isa = PBXFileReference; fileEncoding = 4; lastKnownFileType = sourcecode.swift; path = ReplyViewController.swift; sourceTree = "<group>"; };
		3C809D2B1AAC388A007318D1 /* learningApp.app */ = {isa = PBXFileReference; explicitFileType = wrapper.application; includeInIndex = 0; path = learningApp.app; sourceTree = BUILT_PRODUCTS_DIR; };
		3C809D2F1AAC388A007318D1 /* Info.plist */ = {isa = PBXFileReference; lastKnownFileType = text.plist.xml; path = Info.plist; sourceTree = "<group>"; };
		3C809D301AAC388A007318D1 /* AppDelegate.swift */ = {isa = PBXFileReference; lastKnownFileType = sourcecode.swift; path = AppDelegate.swift; sourceTree = "<group>"; };
		3C809D321AAC388A007318D1 /* ViewController.swift */ = {isa = PBXFileReference; lastKnownFileType = sourcecode.swift; path = ViewController.swift; sourceTree = "<group>"; };
		3C809D351AAC388A007318D1 /* Base */ = {isa = PBXFileReference; lastKnownFileType = file.storyboard; name = Base; path = Base.lproj/Main.storyboard; sourceTree = "<group>"; };
		3C809D371AAC388A007318D1 /* Images.xcassets */ = {isa = PBXFileReference; lastKnownFileType = folder.assetcatalog; path = Images.xcassets; sourceTree = "<group>"; };
		3C809D3A1AAC388A007318D1 /* Base */ = {isa = PBXFileReference; lastKnownFileType = file.xib; name = Base; path = Base.lproj/LaunchScreen.xib; sourceTree = "<group>"; };
		3C809D401AAC388A007318D1 /* learningAppTests.xctest */ = {isa = PBXFileReference; explicitFileType = wrapper.cfbundle; includeInIndex = 0; path = learningAppTests.xctest; sourceTree = BUILT_PRODUCTS_DIR; };
		3C809D451AAC388A007318D1 /* Info.plist */ = {isa = PBXFileReference; lastKnownFileType = text.plist.xml; path = Info.plist; sourceTree = "<group>"; };
		3C809D461AAC388A007318D1 /* learningAppTests.swift */ = {isa = PBXFileReference; lastKnownFileType = sourcecode.swift; path = learningAppTests.swift; sourceTree = "<group>"; };
		3C809D501AAC3970007318D1 /* Parse.framework */ = {isa = PBXFileReference; lastKnownFileType = wrapper.framework; path = Parse.framework; sourceTree = "<group>"; };
		3C809D521AAC3979007318D1 /* Bolts.framework */ = {isa = PBXFileReference; lastKnownFileType = wrapper.framework; path = Bolts.framework; sourceTree = "<group>"; };
		3C809D541AAC39A3007318D1 /* AudioToolbox.framework */ = {isa = PBXFileReference; lastKnownFileType = wrapper.framework; name = AudioToolbox.framework; path = System/Library/Frameworks/AudioToolbox.framework; sourceTree = SDKROOT; };
		3C809D561AAC39B1007318D1 /* CFNetwork.framework */ = {isa = PBXFileReference; lastKnownFileType = wrapper.framework; name = CFNetwork.framework; path = System/Library/Frameworks/CFNetwork.framework; sourceTree = SDKROOT; };
		3C809D581AAC39BC007318D1 /* CoreGraphics.framework */ = {isa = PBXFileReference; lastKnownFileType = wrapper.framework; name = CoreGraphics.framework; path = System/Library/Frameworks/CoreGraphics.framework; sourceTree = SDKROOT; };
		3C809D5A1AAC39C6007318D1 /* CoreLocation.framework */ = {isa = PBXFileReference; lastKnownFileType = wrapper.framework; name = CoreLocation.framework; path = System/Library/Frameworks/CoreLocation.framework; sourceTree = SDKROOT; };
		3C809D5C1AAC39D0007318D1 /* MobileCoreServices.framework */ = {isa = PBXFileReference; lastKnownFileType = wrapper.framework; name = MobileCoreServices.framework; path = System/Library/Frameworks/MobileCoreServices.framework; sourceTree = SDKROOT; };
		3C809D5E1AAC39D9007318D1 /* QuartzCore.framework */ = {isa = PBXFileReference; lastKnownFileType = wrapper.framework; name = QuartzCore.framework; path = System/Library/Frameworks/QuartzCore.framework; sourceTree = SDKROOT; };
		3C809D601AAC39E2007318D1 /* Security.framework */ = {isa = PBXFileReference; lastKnownFileType = wrapper.framework; name = Security.framework; path = System/Library/Frameworks/Security.framework; sourceTree = SDKROOT; };
		3C809D621AAC39EB007318D1 /* StoreKit.framework */ = {isa = PBXFileReference; lastKnownFileType = wrapper.framework; name = StoreKit.framework; path = System/Library/Frameworks/StoreKit.framework; sourceTree = SDKROOT; };
		3C809D641AAC39F6007318D1 /* SystemConfiguration.framework */ = {isa = PBXFileReference; lastKnownFileType = wrapper.framework; name = SystemConfiguration.framework; path = System/Library/Frameworks/SystemConfiguration.framework; sourceTree = SDKROOT; };
		3C809D661AAC3A0A007318D1 /* libz.dylib */ = {isa = PBXFileReference; lastKnownFileType = "compiled.mach-o.dylib"; name = libz.dylib; path = usr/lib/libz.dylib; sourceTree = SDKROOT; };
		3C809D681AAC3A18007318D1 /* libsqlite3.dylib */ = {isa = PBXFileReference; lastKnownFileType = "compiled.mach-o.dylib"; name = libsqlite3.dylib; path = usr/lib/libsqlite3.dylib; sourceTree = SDKROOT; };
		3C809D6B1AAC3AEC007318D1 /* learningApp-Bridging-Header.h */ = {isa = PBXFileReference; lastKnownFileType = sourcecode.c.h; path = "learningApp-Bridging-Header.h"; sourceTree = "<group>"; };
		3C809D701AAC879D007318D1 /* TopicTableViewController.swift */ = {isa = PBXFileReference; fileEncoding = 4; lastKnownFileType = sourcecode.swift; path = TopicTableViewController.swift; sourceTree = "<group>"; };
		3C809D721AAC87E8007318D1 /* ComposeTopicViewController.swift */ = {isa = PBXFileReference; fileEncoding = 4; lastKnownFileType = sourcecode.swift; path = ComposeTopicViewController.swift; sourceTree = "<group>"; };
		3C809D741AAC8AE7007318D1 /* TopicTableViewCell.swift */ = {isa = PBXFileReference; fileEncoding = 4; lastKnownFileType = sourcecode.swift; path = TopicTableViewCell.swift; sourceTree = "<group>"; };
		3C852E1A1AB2D7E9001F5FA1 /* AsyncButton.swift */ = {isa = PBXFileReference; fileEncoding = 4; lastKnownFileType = sourcecode.swift; path = AsyncButton.swift; sourceTree = "<group>"; };
		3C852E1B1AB2D7E9001F5FA1 /* AsyncImageView.swift */ = {isa = PBXFileReference; fileEncoding = 4; lastKnownFileType = sourcecode.swift; path = AsyncImageView.swift; sourceTree = "<group>"; };
		3C852E1C1AB2D7E9001F5FA1 /* AutoTextView.swift */ = {isa = PBXFileReference; fileEncoding = 4; lastKnownFileType = sourcecode.swift; path = AutoTextView.swift; sourceTree = "<group>"; };
		3C852E1D1AB2D7E9001F5FA1 /* BlurView.swift */ = {isa = PBXFileReference; fileEncoding = 4; lastKnownFileType = sourcecode.swift; path = BlurView.swift; sourceTree = "<group>"; };
		3C852E1E1AB2D7E9001F5FA1 /* DesignableButton.swift */ = {isa = PBXFileReference; fileEncoding = 4; lastKnownFileType = sourcecode.swift; path = DesignableButton.swift; sourceTree = "<group>"; };
		3C852E1F1AB2D7E9001F5FA1 /* DesignableImageView.swift */ = {isa = PBXFileReference; fileEncoding = 4; lastKnownFileType = sourcecode.swift; path = DesignableImageView.swift; sourceTree = "<group>"; };
		3C852E201AB2D7E9001F5FA1 /* DesignableLabel.swift */ = {isa = PBXFileReference; fileEncoding = 4; lastKnownFileType = sourcecode.swift; path = DesignableLabel.swift; sourceTree = "<group>"; };
		3C852E211AB2D7E9001F5FA1 /* DesignableTabBarController.swift */ = {isa = PBXFileReference; fileEncoding = 4; lastKnownFileType = sourcecode.swift; path = DesignableTabBarController.swift; sourceTree = "<group>"; };
		3C852E221AB2D7E9001F5FA1 /* DesignableTextField.swift */ = {isa = PBXFileReference; fileEncoding = 4; lastKnownFileType = sourcecode.swift; path = DesignableTextField.swift; sourceTree = "<group>"; };
		3C852E231AB2D7E9001F5FA1 /* DesignableTextView.swift */ = {isa = PBXFileReference; fileEncoding = 4; lastKnownFileType = sourcecode.swift; path = DesignableTextView.swift; sourceTree = "<group>"; };
		3C852E241AB2D7E9001F5FA1 /* DesignableView.swift */ = {isa = PBXFileReference; fileEncoding = 4; lastKnownFileType = sourcecode.swift; path = DesignableView.swift; sourceTree = "<group>"; };
		3C852E251AB2D7E9001F5FA1 /* ImageLoader.swift */ = {isa = PBXFileReference; fileEncoding = 4; lastKnownFileType = sourcecode.swift; path = ImageLoader.swift; sourceTree = "<group>"; };
		3C852E261AB2D7E9001F5FA1 /* Info.plist */ = {isa = PBXFileReference; fileEncoding = 4; lastKnownFileType = text.plist.xml; path = Info.plist; sourceTree = "<group>"; };
		3C852E271AB2D7E9001F5FA1 /* KeyboardLayoutConstraint.swift */ = {isa = PBXFileReference; fileEncoding = 4; lastKnownFileType = sourcecode.swift; path = KeyboardLayoutConstraint.swift; sourceTree = "<group>"; };
		3C852E281AB2D7E9001F5FA1 /* LoadingView.swift */ = {isa = PBXFileReference; fileEncoding = 4; lastKnownFileType = sourcecode.swift; path = LoadingView.swift; sourceTree = "<group>"; };
		3C852E291AB2D7E9001F5FA1 /* LoadingView.xib */ = {isa = PBXFileReference; fileEncoding = 4; lastKnownFileType = file.xib; path = LoadingView.xib; sourceTree = "<group>"; };
		3C852E2A1AB2D7E9001F5FA1 /* Misc.swift */ = {isa = PBXFileReference; fileEncoding = 4; lastKnownFileType = sourcecode.swift; path = Misc.swift; sourceTree = "<group>"; };
		3C852E2B1AB2D7E9001F5FA1 /* SoundPlayer.swift */ = {isa = PBXFileReference; fileEncoding = 4; lastKnownFileType = sourcecode.swift; path = SoundPlayer.swift; sourceTree = "<group>"; };
		3C852E2C1AB2D7E9001F5FA1 /* Spring.h */ = {isa = PBXFileReference; fileEncoding = 4; lastKnownFileType = sourcecode.c.h; path = Spring.h; sourceTree = "<group>"; };
		3C852E2D1AB2D7E9001F5FA1 /* Spring.swift */ = {isa = PBXFileReference; fileEncoding = 4; lastKnownFileType = sourcecode.swift; path = Spring.swift; sourceTree = "<group>"; };
		3C852E2E1AB2D7E9001F5FA1 /* SpringAnimation.swift */ = {isa = PBXFileReference; fileEncoding = 4; lastKnownFileType = sourcecode.swift; path = SpringAnimation.swift; sourceTree = "<group>"; };
		3C852E2F1AB2D7E9001F5FA1 /* SpringButton.swift */ = {isa = PBXFileReference; fileEncoding = 4; lastKnownFileType = sourcecode.swift; path = SpringButton.swift; sourceTree = "<group>"; };
		3C852E301AB2D7E9001F5FA1 /* SpringImageView.swift */ = {isa = PBXFileReference; fileEncoding = 4; lastKnownFileType = sourcecode.swift; path = SpringImageView.swift; sourceTree = "<group>"; };
		3C852E311AB2D7E9001F5FA1 /* SpringLabel.swift */ = {isa = PBXFileReference; fileEncoding = 4; lastKnownFileType = sourcecode.swift; path = SpringLabel.swift; sourceTree = "<group>"; };
		3C852E321AB2D7E9001F5FA1 /* SpringTextField.swift */ = {isa = PBXFileReference; fileEncoding = 4; lastKnownFileType = sourcecode.swift; path = SpringTextField.swift; sourceTree = "<group>"; };
		3C852E331AB2D7E9001F5FA1 /* SpringTextView.swift */ = {isa = PBXFileReference; fileEncoding = 4; lastKnownFileType = sourcecode.swift; path = SpringTextView.swift; sourceTree = "<group>"; };
		3C852E341AB2D7E9001F5FA1 /* SpringView.swift */ = {isa = PBXFileReference; fileEncoding = 4; lastKnownFileType = sourcecode.swift; path = SpringView.swift; sourceTree = "<group>"; };
		3C852E351AB2D7E9001F5FA1 /* TransitionManager.swift */ = {isa = PBXFileReference; fileEncoding = 4; lastKnownFileType = sourcecode.swift; path = TransitionManager.swift; sourceTree = "<group>"; };
		3C852E361AB2D7E9001F5FA1 /* TransitionZoom.swift */ = {isa = PBXFileReference; fileEncoding = 4; lastKnownFileType = sourcecode.swift; path = TransitionZoom.swift; sourceTree = "<group>"; };
		3C852E371AB2D7E9001F5FA1 /* UnwindSegue.swift */ = {isa = PBXFileReference; fileEncoding = 4; lastKnownFileType = sourcecode.swift; path = UnwindSegue.swift; sourceTree = "<group>"; };
		3C852E571AB2DC46001F5FA1 /* GroupsTableViewController.swift */ = {isa = PBXFileReference; fileEncoding = 4; lastKnownFileType = sourcecode.swift; name = GroupsTableViewController.swift; path = ../GroupsTableViewController.swift; sourceTree = "<group>"; };
		3C852E591AB30A04001F5FA1 /* LoginViewController.swift */ = {isa = PBXFileReference; fileEncoding = 4; lastKnownFileType = sourcecode.swift; name = LoginViewController.swift; path = ../LoginViewController.swift; sourceTree = "<group>"; };
		3C852E5B1AB30D36001F5FA1 /* SignUpViewController.swift */ = {isa = PBXFileReference; fileEncoding = 4; lastKnownFileType = sourcecode.swift; path = SignUpViewController.swift; sourceTree = "<group>"; };
		3C92EA841AE010B200EC0B60 /* refresh.wav */ = {isa = PBXFileReference; lastKnownFileType = audio.wav; path = refresh.wav; sourceTree = "<group>"; };
		3C92EA851AE010B200EC0B60 /* upvote.wav */ = {isa = PBXFileReference; lastKnownFileType = audio.wav; path = upvote.wav; sourceTree = "<group>"; };
		3CC009791AD66F7900227326 /* Reachability.h */ = {isa = PBXFileReference; fileEncoding = 4; lastKnownFileType = sourcecode.c.h; path = Reachability.h; sourceTree = "<group>"; };
		3CC0097A1AD66F7900227326 /* Reachability.m */ = {isa = PBXFileReference; fileEncoding = 4; lastKnownFileType = sourcecode.c.objc; path = Reachability.m; sourceTree = "<group>"; };
		3CDD365B1AD0E55B00DFC79A /* SanFranciscoDisplay-Black.otf */ = {isa = PBXFileReference; lastKnownFileType = file; path = "SanFranciscoDisplay-Black.otf"; sourceTree = "<group>"; };
		3CDD365C1AD0E55B00DFC79A /* SanFranciscoDisplay-Bold.otf */ = {isa = PBXFileReference; lastKnownFileType = file; path = "SanFranciscoDisplay-Bold.otf"; sourceTree = "<group>"; };
		3CDD365D1AD0E55B00DFC79A /* SanFranciscoDisplay-Heavy.otf */ = {isa = PBXFileReference; lastKnownFileType = file; path = "SanFranciscoDisplay-Heavy.otf"; sourceTree = "<group>"; };
		3CDD365E1AD0E55B00DFC79A /* SanFranciscoDisplay-Light.otf */ = {isa = PBXFileReference; lastKnownFileType = file; path = "SanFranciscoDisplay-Light.otf"; sourceTree = "<group>"; };
		3CDD365F1AD0E55B00DFC79A /* SanFranciscoDisplay-Medium.otf */ = {isa = PBXFileReference; lastKnownFileType = file; path = "SanFranciscoDisplay-Medium.otf"; sourceTree = "<group>"; };
		3CDD36601AD0E55B00DFC79A /* SanFranciscoDisplay-Regular.otf */ = {isa = PBXFileReference; lastKnownFileType = file; path = "SanFranciscoDisplay-Regular.otf"; sourceTree = "<group>"; };
		3CDD36611AD0E55B00DFC79A /* SanFranciscoDisplay-Semibold.otf */ = {isa = PBXFileReference; lastKnownFileType = file; path = "SanFranciscoDisplay-Semibold.otf"; sourceTree = "<group>"; };
		3CDD36621AD0E55B00DFC79A /* SanFranciscoDisplay-Thin.otf */ = {isa = PBXFileReference; lastKnownFileType = file; path = "SanFranciscoDisplay-Thin.otf"; sourceTree = "<group>"; };
		3CDD36631AD0E55B00DFC79A /* SanFranciscoDisplay-Ultralight.otf */ = {isa = PBXFileReference; lastKnownFileType = file; path = "SanFranciscoDisplay-Ultralight.otf"; sourceTree = "<group>"; };
		3CDD36641AD0E55B00DFC79A /* SanFranciscoText-Bold.otf */ = {isa = PBXFileReference; lastKnownFileType = file; path = "SanFranciscoText-Bold.otf"; sourceTree = "<group>"; };
		3CDD36651AD0E55B00DFC79A /* SanFranciscoText-BoldItalic.otf */ = {isa = PBXFileReference; lastKnownFileType = file; path = "SanFranciscoText-BoldItalic.otf"; sourceTree = "<group>"; };
		3CDD36661AD0E55B00DFC79A /* SanFranciscoText-Heavy.otf */ = {isa = PBXFileReference; lastKnownFileType = file; path = "SanFranciscoText-Heavy.otf"; sourceTree = "<group>"; };
		3CDD36671AD0E55B00DFC79A /* SanFranciscoText-HeavyItalic.otf */ = {isa = PBXFileReference; lastKnownFileType = file; path = "SanFranciscoText-HeavyItalic.otf"; sourceTree = "<group>"; };
		3CDD36681AD0E55B00DFC79A /* SanFranciscoText-Light.otf */ = {isa = PBXFileReference; lastKnownFileType = file; path = "SanFranciscoText-Light.otf"; sourceTree = "<group>"; };
		3CDD36691AD0E55B00DFC79A /* SanFranciscoText-LightItalic.otf */ = {isa = PBXFileReference; lastKnownFileType = file; path = "SanFranciscoText-LightItalic.otf"; sourceTree = "<group>"; };
		3CDD366A1AD0E55B00DFC79A /* SanFranciscoText-Medium.otf */ = {isa = PBXFileReference; lastKnownFileType = file; path = "SanFranciscoText-Medium.otf"; sourceTree = "<group>"; };
		3CDD366B1AD0E55B00DFC79A /* SanFranciscoText-MediumItalic.otf */ = {isa = PBXFileReference; lastKnownFileType = file; path = "SanFranciscoText-MediumItalic.otf"; sourceTree = "<group>"; };
		3CDD366C1AD0E55B00DFC79A /* SanFranciscoText-Regular.otf */ = {isa = PBXFileReference; lastKnownFileType = file; path = "SanFranciscoText-Regular.otf"; sourceTree = "<group>"; };
		3CDD366D1AD0E55B00DFC79A /* SanFranciscoText-RegularItalic.otf */ = {isa = PBXFileReference; lastKnownFileType = file; path = "SanFranciscoText-RegularItalic.otf"; sourceTree = "<group>"; };
		3CDD366E1AD0E55B00DFC79A /* SanFranciscoText-Semibold.otf */ = {isa = PBXFileReference; lastKnownFileType = file; path = "SanFranciscoText-Semibold.otf"; sourceTree = "<group>"; };
		3CDD366F1AD0E55B00DFC79A /* SanFranciscoText-SemiboldItalic.otf */ = {isa = PBXFileReference; lastKnownFileType = file; path = "SanFranciscoText-SemiboldItalic.otf"; sourceTree = "<group>"; };
		3CDD36701AD0E55B00DFC79A /* SanFranciscoText-Thin.otf */ = {isa = PBXFileReference; lastKnownFileType = file; path = "SanFranciscoText-Thin.otf"; sourceTree = "<group>"; };
		3CDD36711AD0E55B00DFC79A /* SanFranciscoText-ThinItalic.otf */ = {isa = PBXFileReference; lastKnownFileType = file; path = "SanFranciscoText-ThinItalic.otf"; sourceTree = "<group>"; };
		3CE840851AD7A33D006CE2B4 /* WebViewController.swift */ = {isa = PBXFileReference; fileEncoding = 4; lastKnownFileType = sourcecode.swift; path = WebViewController.swift; sourceTree = "<group>"; };
		3CE840871AD93019006CE2B4 /* TestingViewController.swift */ = {isa = PBXFileReference; fileEncoding = 4; lastKnownFileType = sourcecode.swift; path = TestingViewController.swift; sourceTree = "<group>"; };
		3CE9D3701ABEFA9C00D08A7C /* CreateGroupViewController.swift */ = {isa = PBXFileReference; fileEncoding = 4; lastKnownFileType = sourcecode.swift; path = CreateGroupViewController.swift; sourceTree = "<group>"; };
/* End PBXFileReference section */

/* Begin PBXFrameworksBuildPhase section */
		3C809D281AAC388A007318D1 /* Frameworks */ = {
			isa = PBXFrameworksBuildPhase;
			buildActionMask = 2147483647;
			files = (
				3C809D691AAC3A18007318D1 /* libsqlite3.dylib in Frameworks */,
				3C4C5FC31AB6D97F00371FAB /* ParseCrashReporting.framework in Frameworks */,
				3C809D671AAC3A0A007318D1 /* libz.dylib in Frameworks */,
				3C4C5FC01AB6D93100371FAB /* ParseUI.framework in Frameworks */,
				3C809D651AAC39F6007318D1 /* SystemConfiguration.framework in Frameworks */,
				3C809D631AAC39EB007318D1 /* StoreKit.framework in Frameworks */,
				3C809D611AAC39E2007318D1 /* Security.framework in Frameworks */,
				3C809D5F1AAC39D9007318D1 /* QuartzCore.framework in Frameworks */,
				3C809D5D1AAC39D0007318D1 /* MobileCoreServices.framework in Frameworks */,
				3C809D5B1AAC39C6007318D1 /* CoreLocation.framework in Frameworks */,
				3C809D591AAC39BC007318D1 /* CoreGraphics.framework in Frameworks */,
				3C809D571AAC39B1007318D1 /* CFNetwork.framework in Frameworks */,
				3C809D551AAC39A3007318D1 /* AudioToolbox.framework in Frameworks */,
				3C809D511AAC3970007318D1 /* Parse.framework in Frameworks */,
				3C4C5FC41AB6D97F00371FAB /* ParseFacebookUtils.framework in Frameworks */,
				3C809D531AAC3979007318D1 /* Bolts.framework in Frameworks */,
			);
			runOnlyForDeploymentPostprocessing = 0;
		};
		3C809D3D1AAC388A007318D1 /* Frameworks */ = {
			isa = PBXFrameworksBuildPhase;
			buildActionMask = 2147483647;
			files = (
			);
			runOnlyForDeploymentPostprocessing = 0;
		};
/* End PBXFrameworksBuildPhase section */

/* Begin PBXGroup section */
		3C809D221AAC388A007318D1 = {
			isa = PBXGroup;
			children = (
				3C809D6A1AAC3A45007318D1 /* Frameworks */,
				3C809D2D1AAC388A007318D1 /* learningApp */,
				3C809D431AAC388A007318D1 /* learningAppTests */,
				3C809D2C1AAC388A007318D1 /* Products */,
			);
			sourceTree = "<group>";
		};
		3C809D2C1AAC388A007318D1 /* Products */ = {
			isa = PBXGroup;
			children = (
				3C809D2B1AAC388A007318D1 /* learningApp.app */,
				3C809D401AAC388A007318D1 /* learningAppTests.xctest */,
			);
			name = Products;
			sourceTree = "<group>";
		};
		3C809D2D1AAC388A007318D1 /* learningApp */ = {
			isa = PBXGroup;
			children = (
				3C809D301AAC388A007318D1 /* AppDelegate.swift */,
				3C852E571AB2DC46001F5FA1 /* GroupsTableViewController.swift */,
				3C4C5FB91AB4644A00371FAB /* GroupTableViewCell.swift */,
				3C809D701AAC879D007318D1 /* TopicTableViewController.swift */,
				3CE9D3701ABEFA9C00D08A7C /* CreateGroupViewController.swift */,
				3C809D741AAC8AE7007318D1 /* TopicTableViewCell.swift */,
				3C4C5FBB1AB6B5F000371FAB /* CommentsTableViewController.swift */,
				3C4C5FC51AB7C10D00371FAB /* CommentsTableViewCell.swift */,
				3C809D721AAC87E8007318D1 /* ComposeTopicViewController.swift */,
				3C56EEFD1AB9A991000BA5D0 /* ReplyViewController.swift */,
				3C852E591AB30A04001F5FA1 /* LoginViewController.swift */,
				3C852E5B1AB30D36001F5FA1 /* SignUpViewController.swift */,
				3CE840851AD7A33D006CE2B4 /* WebViewController.swift */,
				3C809D321AAC388A007318D1 /* ViewController.swift */,
				3CDD365A1AD0E55A00DFC79A /* Sans Francisco Fonts */,
				3C809D341AAC388A007318D1 /* Main.storyboard */,
				3C4A34811AED36D200B73F6D /* EvaluationTableViewController.swift */,
				3CE840871AD93019006CE2B4 /* TestingViewController.swift */,
				3C852E191AB2D7E9001F5FA1 /* Spring */,
				3C809D371AAC388A007318D1 /* Images.xcassets */,
				3C307E701AE2004800C7FDB8 /* WebTestingViewController.swift */,
				3C92EA831AE010B200EC0B60 /* Sounds */,
				3C809D391AAC388A007318D1 /* LaunchScreen.xib */,
				3C809D2E1AAC388A007318D1 /* Supporting Files */,
				3C809D6B1AAC3AEC007318D1 /* learningApp-Bridging-Header.h */,
			);
			path = learningApp;
			sourceTree = "<group>";
		};
		3C809D2E1AAC388A007318D1 /* Supporting Files */ = {
			isa = PBXGroup;
			children = (
				3CC009791AD66F7900227326 /* Reachability.h */,
				3CC0097A1AD66F7900227326 /* Reachability.m */,
				3C809D2F1AAC388A007318D1 /* Info.plist */,
			);
			name = "Supporting Files";
			sourceTree = "<group>";
		};
		3C809D431AAC388A007318D1 /* learningAppTests */ = {
			isa = PBXGroup;
			children = (
				3C809D461AAC388A007318D1 /* learningAppTests.swift */,
				3C809D441AAC388A007318D1 /* Supporting Files */,
			);
			path = learningAppTests;
			sourceTree = "<group>";
		};
		3C809D441AAC388A007318D1 /* Supporting Files */ = {
			isa = PBXGroup;
			children = (
				3C809D451AAC388A007318D1 /* Info.plist */,
			);
			name = "Supporting Files";
			sourceTree = "<group>";
		};
		3C809D6A1AAC3A45007318D1 /* Frameworks */ = {
			isa = PBXGroup;
			children = (
				3C4C5FC11AB6D97F00371FAB /* ParseCrashReporting.framework */,
				3C4C5FC21AB6D97F00371FAB /* ParseFacebookUtils.framework */,
				3C4C5FBF1AB6D93100371FAB /* ParseUI.framework */,
				3C809D681AAC3A18007318D1 /* libsqlite3.dylib */,
				3C809D661AAC3A0A007318D1 /* libz.dylib */,
				3C809D641AAC39F6007318D1 /* SystemConfiguration.framework */,
				3C809D621AAC39EB007318D1 /* StoreKit.framework */,
				3C809D601AAC39E2007318D1 /* Security.framework */,
				3C809D5E1AAC39D9007318D1 /* QuartzCore.framework */,
				3C809D5C1AAC39D0007318D1 /* MobileCoreServices.framework */,
				3C809D5A1AAC39C6007318D1 /* CoreLocation.framework */,
				3C809D581AAC39BC007318D1 /* CoreGraphics.framework */,
				3C809D561AAC39B1007318D1 /* CFNetwork.framework */,
				3C809D541AAC39A3007318D1 /* AudioToolbox.framework */,
				3C809D521AAC3979007318D1 /* Bolts.framework */,
				3C809D501AAC3970007318D1 /* Parse.framework */,
			);
			name = Frameworks;
			sourceTree = "<group>";
		};
		3C852E191AB2D7E9001F5FA1 /* Spring */ = {
			isa = PBXGroup;
			children = (
				3C852E1A1AB2D7E9001F5FA1 /* AsyncButton.swift */,
				3C852E1B1AB2D7E9001F5FA1 /* AsyncImageView.swift */,
				3C852E1C1AB2D7E9001F5FA1 /* AutoTextView.swift */,
				3C852E1D1AB2D7E9001F5FA1 /* BlurView.swift */,
				3C852E1E1AB2D7E9001F5FA1 /* DesignableButton.swift */,
				3C852E1F1AB2D7E9001F5FA1 /* DesignableImageView.swift */,
				3C852E201AB2D7E9001F5FA1 /* DesignableLabel.swift */,
				3C852E211AB2D7E9001F5FA1 /* DesignableTabBarController.swift */,
				3C852E221AB2D7E9001F5FA1 /* DesignableTextField.swift */,
				3C852E231AB2D7E9001F5FA1 /* DesignableTextView.swift */,
				3C852E241AB2D7E9001F5FA1 /* DesignableView.swift */,
				3C852E251AB2D7E9001F5FA1 /* ImageLoader.swift */,
				3C852E261AB2D7E9001F5FA1 /* Info.plist */,
				3C852E271AB2D7E9001F5FA1 /* KeyboardLayoutConstraint.swift */,
				3C852E281AB2D7E9001F5FA1 /* LoadingView.swift */,
				3C852E291AB2D7E9001F5FA1 /* LoadingView.xib */,
				3C852E2A1AB2D7E9001F5FA1 /* Misc.swift */,
				3C852E2B1AB2D7E9001F5FA1 /* SoundPlayer.swift */,
				3C852E2C1AB2D7E9001F5FA1 /* Spring.h */,
				3C852E2D1AB2D7E9001F5FA1 /* Spring.swift */,
				3C852E2E1AB2D7E9001F5FA1 /* SpringAnimation.swift */,
				3C852E2F1AB2D7E9001F5FA1 /* SpringButton.swift */,
				3C852E301AB2D7E9001F5FA1 /* SpringImageView.swift */,
				3C852E311AB2D7E9001F5FA1 /* SpringLabel.swift */,
				3C852E321AB2D7E9001F5FA1 /* SpringTextField.swift */,
				3C852E331AB2D7E9001F5FA1 /* SpringTextView.swift */,
				3C852E341AB2D7E9001F5FA1 /* SpringView.swift */,
				3C852E351AB2D7E9001F5FA1 /* TransitionManager.swift */,
				3C852E361AB2D7E9001F5FA1 /* TransitionZoom.swift */,
				3C852E371AB2D7E9001F5FA1 /* UnwindSegue.swift */,
			);
			path = Spring;
			sourceTree = "<group>";
		};
		3C92EA831AE010B200EC0B60 /* Sounds */ = {
			isa = PBXGroup;
			children = (
				3C92EA841AE010B200EC0B60 /* refresh.wav */,
				3C92EA851AE010B200EC0B60 /* upvote.wav */,
			);
			path = Sounds;
			sourceTree = "<group>";
		};
		3CDD365A1AD0E55A00DFC79A /* Sans Francisco Fonts */ = {
			isa = PBXGroup;
			children = (
				3CDD365B1AD0E55B00DFC79A /* SanFranciscoDisplay-Black.otf */,
				3CDD365C1AD0E55B00DFC79A /* SanFranciscoDisplay-Bold.otf */,
				3CDD365D1AD0E55B00DFC79A /* SanFranciscoDisplay-Heavy.otf */,
				3CDD365E1AD0E55B00DFC79A /* SanFranciscoDisplay-Light.otf */,
				3CDD365F1AD0E55B00DFC79A /* SanFranciscoDisplay-Medium.otf */,
				3CDD36601AD0E55B00DFC79A /* SanFranciscoDisplay-Regular.otf */,
				3CDD36611AD0E55B00DFC79A /* SanFranciscoDisplay-Semibold.otf */,
				3CDD36621AD0E55B00DFC79A /* SanFranciscoDisplay-Thin.otf */,
				3CDD36631AD0E55B00DFC79A /* SanFranciscoDisplay-Ultralight.otf */,
				3CDD36641AD0E55B00DFC79A /* SanFranciscoText-Bold.otf */,
				3CDD36651AD0E55B00DFC79A /* SanFranciscoText-BoldItalic.otf */,
				3CDD36661AD0E55B00DFC79A /* SanFranciscoText-Heavy.otf */,
				3CDD36671AD0E55B00DFC79A /* SanFranciscoText-HeavyItalic.otf */,
				3CDD36681AD0E55B00DFC79A /* SanFranciscoText-Light.otf */,
				3CDD36691AD0E55B00DFC79A /* SanFranciscoText-LightItalic.otf */,
				3CDD366A1AD0E55B00DFC79A /* SanFranciscoText-Medium.otf */,
				3CDD366B1AD0E55B00DFC79A /* SanFranciscoText-MediumItalic.otf */,
				3CDD366C1AD0E55B00DFC79A /* SanFranciscoText-Regular.otf */,
				3CDD366D1AD0E55B00DFC79A /* SanFranciscoText-RegularItalic.otf */,
				3CDD366E1AD0E55B00DFC79A /* SanFranciscoText-Semibold.otf */,
				3CDD366F1AD0E55B00DFC79A /* SanFranciscoText-SemiboldItalic.otf */,
				3CDD36701AD0E55B00DFC79A /* SanFranciscoText-Thin.otf */,
				3CDD36711AD0E55B00DFC79A /* SanFranciscoText-ThinItalic.otf */,
			);
			path = "Sans Francisco Fonts";
			sourceTree = "<group>";
		};
/* End PBXGroup section */

/* Begin PBXNativeTarget section */
		3C809D2A1AAC388A007318D1 /* learningApp */ = {
			isa = PBXNativeTarget;
			buildConfigurationList = 3C809D4A1AAC388A007318D1 /* Build configuration list for PBXNativeTarget "learningApp" */;
			buildPhases = (
				3C809D271AAC388A007318D1 /* Sources */,
				3C809D281AAC388A007318D1 /* Frameworks */,
				3C809D291AAC388A007318D1 /* Resources */,
			);
			buildRules = (
			);
			dependencies = (
			);
			name = learningApp;
			productName = learningApp;
			productReference = 3C809D2B1AAC388A007318D1 /* learningApp.app */;
			productType = "com.apple.product-type.application";
		};
		3C809D3F1AAC388A007318D1 /* learningAppTests */ = {
			isa = PBXNativeTarget;
			buildConfigurationList = 3C809D4D1AAC388A007318D1 /* Build configuration list for PBXNativeTarget "learningAppTests" */;
			buildPhases = (
				3C809D3C1AAC388A007318D1 /* Sources */,
				3C809D3D1AAC388A007318D1 /* Frameworks */,
				3C809D3E1AAC388A007318D1 /* Resources */,
			);
			buildRules = (
			);
			dependencies = (
				3C809D421AAC388A007318D1 /* PBXTargetDependency */,
			);
			name = learningAppTests;
			productName = learningAppTests;
			productReference = 3C809D401AAC388A007318D1 /* learningAppTests.xctest */;
			productType = "com.apple.product-type.bundle.unit-test";
		};
/* End PBXNativeTarget section */

/* Begin PBXProject section */
		3C809D231AAC388A007318D1 /* Project object */ = {
			isa = PBXProject;
			attributes = {
				LastUpgradeCheck = 0610;
				ORGANIZATIONNAME = Jin;
				TargetAttributes = {
					3C809D2A1AAC388A007318D1 = {
						CreatedOnToolsVersion = 6.1.1;
					};
					3C809D3F1AAC388A007318D1 = {
						CreatedOnToolsVersion = 6.1.1;
						TestTargetID = 3C809D2A1AAC388A007318D1;
					};
				};
			};
			buildConfigurationList = 3C809D261AAC388A007318D1 /* Build configuration list for PBXProject "learningApp" */;
			compatibilityVersion = "Xcode 3.2";
			developmentRegion = English;
			hasScannedForEncodings = 0;
			knownRegions = (
				en,
				Base,
			);
			mainGroup = 3C809D221AAC388A007318D1;
			productRefGroup = 3C809D2C1AAC388A007318D1 /* Products */;
			projectDirPath = "";
			projectRoot = "";
			targets = (
				3C809D2A1AAC388A007318D1 /* learningApp */,
				3C809D3F1AAC388A007318D1 /* learningAppTests */,
			);
		};
/* End PBXProject section */

/* Begin PBXResourcesBuildPhase section */
		3C809D291AAC388A007318D1 /* Resources */ = {
			isa = PBXResourcesBuildPhase;
			buildActionMask = 2147483647;
			files = (
				3CDD36731AD0E55B00DFC79A /* SanFranciscoDisplay-Bold.otf in Resources */,
				3CDD36841AD0E55B00DFC79A /* SanFranciscoText-RegularItalic.otf in Resources */,
				3CDD36721AD0E55B00DFC79A /* SanFranciscoDisplay-Black.otf in Resources */,
				3C852E441AB2D7E9001F5FA1 /* Info.plist in Resources */,
				3CDD36761AD0E55B00DFC79A /* SanFranciscoDisplay-Medium.otf in Resources */,
				3CDD36811AD0E55B00DFC79A /* SanFranciscoText-Medium.otf in Resources */,
				3CDD367E1AD0E55B00DFC79A /* SanFranciscoText-HeavyItalic.otf in Resources */,
				3CDD36881AD0E55B00DFC79A /* SanFranciscoText-ThinItalic.otf in Resources */,
				3C809D361AAC388A007318D1 /* Main.storyboard in Resources */,
				3CDD36801AD0E55B00DFC79A /* SanFranciscoText-LightItalic.otf in Resources */,
				3CDD36771AD0E55B00DFC79A /* SanFranciscoDisplay-Regular.otf in Resources */,
				3CDD36821AD0E55B00DFC79A /* SanFranciscoText-MediumItalic.otf in Resources */,
				3CDD36781AD0E55B00DFC79A /* SanFranciscoDisplay-Semibold.otf in Resources */,
				3C92EA871AE010B200EC0B60 /* upvote.wav in Resources */,
				3CDD36871AD0E55B00DFC79A /* SanFranciscoText-Thin.otf in Resources */,
				3C809D3B1AAC388A007318D1 /* LaunchScreen.xib in Resources */,
				3C809D381AAC388A007318D1 /* Images.xcassets in Resources */,
				3CDD367C1AD0E55B00DFC79A /* SanFranciscoText-BoldItalic.otf in Resources */,
				3CDD36741AD0E55B00DFC79A /* SanFranciscoDisplay-Heavy.otf in Resources */,
				3CDD367A1AD0E55B00DFC79A /* SanFranciscoDisplay-Ultralight.otf in Resources */,
				3CDD36751AD0E55B00DFC79A /* SanFranciscoDisplay-Light.otf in Resources */,
				3CDD367F1AD0E55B00DFC79A /* SanFranciscoText-Light.otf in Resources */,
				3C92EA861AE010B200EC0B60 /* refresh.wav in Resources */,
				3CDD367D1AD0E55B00DFC79A /* SanFranciscoText-Heavy.otf in Resources */,
				3CDD36791AD0E55B00DFC79A /* SanFranciscoDisplay-Thin.otf in Resources */,
				3CDD36831AD0E55B00DFC79A /* SanFranciscoText-Regular.otf in Resources */,
				3CDD36851AD0E55B00DFC79A /* SanFranciscoText-Semibold.otf in Resources */,
				3C852E471AB2D7E9001F5FA1 /* LoadingView.xib in Resources */,
				3CDD367B1AD0E55B00DFC79A /* SanFranciscoText-Bold.otf in Resources */,
				3CDD36861AD0E55B00DFC79A /* SanFranciscoText-SemiboldItalic.otf in Resources */,
			);
			runOnlyForDeploymentPostprocessing = 0;
		};
		3C809D3E1AAC388A007318D1 /* Resources */ = {
			isa = PBXResourcesBuildPhase;
			buildActionMask = 2147483647;
			files = (
			);
			runOnlyForDeploymentPostprocessing = 0;
		};
/* End PBXResourcesBuildPhase section */

/* Begin PBXSourcesBuildPhase section */
		3C809D271AAC388A007318D1 /* Sources */ = {
			isa = PBXSourcesBuildPhase;
			buildActionMask = 2147483647;
			files = (
				3C809D751AAC8AE7007318D1 /* TopicTableViewCell.swift in Sources */,
				3C852E491AB2D7E9001F5FA1 /* SoundPlayer.swift in Sources */,
				3C852E3D1AB2D7E9001F5FA1 /* DesignableImageView.swift in Sources */,
				3C852E4F1AB2D7E9001F5FA1 /* SpringTextField.swift in Sources */,
				3C809D331AAC388A007318D1 /* ViewController.swift in Sources */,
				3C852E401AB2D7E9001F5FA1 /* DesignableTextField.swift in Sources */,
				3C852E521AB2D7E9001F5FA1 /* TransitionManager.swift in Sources */,
				3C852E4B1AB2D7E9001F5FA1 /* SpringAnimation.swift in Sources */,
				3C852E381AB2D7E9001F5FA1 /* AsyncButton.swift in Sources */,
				3C4C5FC61AB7C10D00371FAB /* CommentsTableViewCell.swift in Sources */,
				3CE9D3711ABEFA9C00D08A7C /* CreateGroupViewController.swift in Sources */,
				3C4A34821AED36D200B73F6D /* EvaluationTableViewController.swift in Sources */,
				3C852E451AB2D7E9001F5FA1 /* KeyboardLayoutConstraint.swift in Sources */,
				3C307E711AE2004800C7FDB8 /* WebTestingViewController.swift in Sources */,
				3C852E3C1AB2D7E9001F5FA1 /* DesignableButton.swift in Sources */,
				3C809D711AAC879D007318D1 /* TopicTableViewController.swift in Sources */,
				3C809D731AAC87E8007318D1 /* ComposeTopicViewController.swift in Sources */,
				3C4C5FBC1AB6B5F000371FAB /* CommentsTableViewController.swift in Sources */,
				3C852E421AB2D7E9001F5FA1 /* DesignableView.swift in Sources */,
				3C56EEFE1AB9A991000BA5D0 /* ReplyViewController.swift in Sources */,
				3C852E531AB2D7E9001F5FA1 /* TransitionZoom.swift in Sources */,
				3C852E3B1AB2D7E9001F5FA1 /* BlurView.swift in Sources */,
				3C809D311AAC388A007318D1 /* AppDelegate.swift in Sources */,
				3C852E431AB2D7E9001F5FA1 /* ImageLoader.swift in Sources */,
				3C852E511AB2D7E9001F5FA1 /* SpringView.swift in Sources */,
				3C852E4E1AB2D7E9001F5FA1 /* SpringLabel.swift in Sources */,
				3C852E481AB2D7E9001F5FA1 /* Misc.swift in Sources */,
				3CE840861AD7A33D006CE2B4 /* WebViewController.swift in Sources */,
				3C852E3F1AB2D7E9001F5FA1 /* DesignableTabBarController.swift in Sources */,
				3C852E3A1AB2D7E9001F5FA1 /* AutoTextView.swift in Sources */,
				3C852E411AB2D7E9001F5FA1 /* DesignableTextView.swift in Sources */,
				3C852E4A1AB2D7E9001F5FA1 /* Spring.swift in Sources */,
				3C852E4C1AB2D7E9001F5FA1 /* SpringButton.swift in Sources */,
				3C852E541AB2D7E9001F5FA1 /* UnwindSegue.swift in Sources */,
				3C4C5FBA1AB4644A00371FAB /* GroupTableViewCell.swift in Sources */,
				3C852E3E1AB2D7E9001F5FA1 /* DesignableLabel.swift in Sources */,
				3C852E4D1AB2D7E9001F5FA1 /* SpringImageView.swift in Sources */,
				3C852E5C1AB30D36001F5FA1 /* SignUpViewController.swift in Sources */,
				3C852E581AB2DC46001F5FA1 /* GroupsTableViewController.swift in Sources */,
				3C852E5A1AB30A04001F5FA1 /* LoginViewController.swift in Sources */,
				3C852E461AB2D7E9001F5FA1 /* LoadingView.swift in Sources */,
				3C852E501AB2D7E9001F5FA1 /* SpringTextView.swift in Sources */,
				3CE840881AD93019006CE2B4 /* TestingViewController.swift in Sources */,
				3CC0097B1AD66F7900227326 /* Reachability.m in Sources */,
				3C852E391AB2D7E9001F5FA1 /* AsyncImageView.swift in Sources */,
			);
			runOnlyForDeploymentPostprocessing = 0;
		};
		3C809D3C1AAC388A007318D1 /* Sources */ = {
			isa = PBXSourcesBuildPhase;
			buildActionMask = 2147483647;
			files = (
				3C809D471AAC388A007318D1 /* learningAppTests.swift in Sources */,
			);
			runOnlyForDeploymentPostprocessing = 0;
		};
/* End PBXSourcesBuildPhase section */

/* Begin PBXTargetDependency section */
		3C809D421AAC388A007318D1 /* PBXTargetDependency */ = {
			isa = PBXTargetDependency;
			target = 3C809D2A1AAC388A007318D1 /* learningApp */;
			targetProxy = 3C809D411AAC388A007318D1 /* PBXContainerItemProxy */;
		};
/* End PBXTargetDependency section */

/* Begin PBXVariantGroup section */
		3C809D341AAC388A007318D1 /* Main.storyboard */ = {
			isa = PBXVariantGroup;
			children = (
				3C809D351AAC388A007318D1 /* Base */,
			);
			name = Main.storyboard;
			sourceTree = "<group>";
		};
		3C809D391AAC388A007318D1 /* LaunchScreen.xib */ = {
			isa = PBXVariantGroup;
			children = (
				3C809D3A1AAC388A007318D1 /* Base */,
			);
			name = LaunchScreen.xib;
			sourceTree = "<group>";
		};
/* End PBXVariantGroup section */

/* Begin XCBuildConfiguration section */
		3C809D481AAC388A007318D1 /* Debug */ = {
			isa = XCBuildConfiguration;
			buildSettings = {
				ALWAYS_SEARCH_USER_PATHS = NO;
				CLANG_CXX_LANGUAGE_STANDARD = "gnu++0x";
				CLANG_CXX_LIBRARY = "libc++";
				CLANG_ENABLE_MODULES = YES;
				CLANG_ENABLE_OBJC_ARC = YES;
				CLANG_WARN_BOOL_CONVERSION = YES;
				CLANG_WARN_CONSTANT_CONVERSION = YES;
				CLANG_WARN_DIRECT_OBJC_ISA_USAGE = YES_ERROR;
				CLANG_WARN_EMPTY_BODY = YES;
				CLANG_WARN_ENUM_CONVERSION = YES;
				CLANG_WARN_INT_CONVERSION = YES;
				CLANG_WARN_OBJC_ROOT_CLASS = YES_ERROR;
				CLANG_WARN_UNREACHABLE_CODE = YES;
				CLANG_WARN__DUPLICATE_METHOD_MATCH = YES;
				"CODE_SIGN_IDENTITY[sdk=iphoneos*]" = "iPhone Developer";
				COPY_PHASE_STRIP = NO;
				ENABLE_STRICT_OBJC_MSGSEND = YES;
				GCC_C_LANGUAGE_STANDARD = gnu99;
				GCC_DYNAMIC_NO_PIC = NO;
				GCC_OPTIMIZATION_LEVEL = 0;
				GCC_PREPROCESSOR_DEFINITIONS = (
					"DEBUG=1",
					"$(inherited)",
				);
				GCC_SYMBOLS_PRIVATE_EXTERN = NO;
				GCC_WARN_64_TO_32_BIT_CONVERSION = YES;
				GCC_WARN_ABOUT_RETURN_TYPE = YES_ERROR;
				GCC_WARN_UNDECLARED_SELECTOR = YES;
				GCC_WARN_UNINITIALIZED_AUTOS = YES_AGGRESSIVE;
				GCC_WARN_UNUSED_FUNCTION = YES;
				GCC_WARN_UNUSED_VARIABLE = YES;
				IPHONEOS_DEPLOYMENT_TARGET = 8.1;
				MTL_ENABLE_DEBUG_INFO = YES;
				ONLY_ACTIVE_ARCH = YES;
				SDKROOT = iphoneos;
				SWIFT_OPTIMIZATION_LEVEL = "-Onone";
			};
			name = Debug;
		};
		3C809D491AAC388A007318D1 /* Release */ = {
			isa = XCBuildConfiguration;
			buildSettings = {
				ALWAYS_SEARCH_USER_PATHS = NO;
				CLANG_CXX_LANGUAGE_STANDARD = "gnu++0x";
				CLANG_CXX_LIBRARY = "libc++";
				CLANG_ENABLE_MODULES = YES;
				CLANG_ENABLE_OBJC_ARC = YES;
				CLANG_WARN_BOOL_CONVERSION = YES;
				CLANG_WARN_CONSTANT_CONVERSION = YES;
				CLANG_WARN_DIRECT_OBJC_ISA_USAGE = YES_ERROR;
				CLANG_WARN_EMPTY_BODY = YES;
				CLANG_WARN_ENUM_CONVERSION = YES;
				CLANG_WARN_INT_CONVERSION = YES;
				CLANG_WARN_OBJC_ROOT_CLASS = YES_ERROR;
				CLANG_WARN_UNREACHABLE_CODE = YES;
				CLANG_WARN__DUPLICATE_METHOD_MATCH = YES;
				"CODE_SIGN_IDENTITY[sdk=iphoneos*]" = "iPhone Developer";
				COPY_PHASE_STRIP = YES;
				ENABLE_NS_ASSERTIONS = NO;
				ENABLE_STRICT_OBJC_MSGSEND = YES;
				GCC_C_LANGUAGE_STANDARD = gnu99;
				GCC_WARN_64_TO_32_BIT_CONVERSION = YES;
				GCC_WARN_ABOUT_RETURN_TYPE = YES_ERROR;
				GCC_WARN_UNDECLARED_SELECTOR = YES;
				GCC_WARN_UNINITIALIZED_AUTOS = YES_AGGRESSIVE;
				GCC_WARN_UNUSED_FUNCTION = YES;
				GCC_WARN_UNUSED_VARIABLE = YES;
				IPHONEOS_DEPLOYMENT_TARGET = 8.1;
				MTL_ENABLE_DEBUG_INFO = NO;
				SDKROOT = iphoneos;
				VALIDATE_PRODUCT = YES;
			};
			name = Release;
		};
		3C809D4B1AAC388A007318D1 /* Debug */ = {
			isa = XCBuildConfiguration;
			buildSettings = {
				ASSETCATALOG_COMPILER_APPICON_NAME = AppIcon;
				CLANG_ENABLE_MODULES = YES;
				FRAMEWORK_SEARCH_PATHS = (
					"$(inherited)",
					"$(PROJECT_DIR)",
				);
				INFOPLIST_FILE = learningApp/Info.plist;
				LD_RUNPATH_SEARCH_PATHS = "$(inherited) @executable_path/Frameworks";
				PRODUCT_NAME = "$(TARGET_NAME)";
				SWIFT_OBJC_BRIDGING_HEADER = "learningApp/learningApp-Bridging-Header.h";
				SWIFT_OPTIMIZATION_LEVEL = "-Onone";
			};
			name = Debug;
		};
		3C809D4C1AAC388A007318D1 /* Release */ = {
			isa = XCBuildConfiguration;
			buildSettings = {
				ASSETCATALOG_COMPILER_APPICON_NAME = AppIcon;
				CLANG_ENABLE_MODULES = YES;
				FRAMEWORK_SEARCH_PATHS = (
					"$(inherited)",
					"$(PROJECT_DIR)",
				);
				INFOPLIST_FILE = learningApp/Info.plist;
				LD_RUNPATH_SEARCH_PATHS = "$(inherited) @executable_path/Frameworks";
				PRODUCT_NAME = "$(TARGET_NAME)";
				SWIFT_OBJC_BRIDGING_HEADER = "learningApp/learningApp-Bridging-Header.h";
			};
			name = Release;
		};
		3C809D4E1AAC388A007318D1 /* Debug */ = {
			isa = XCBuildConfiguration;
			buildSettings = {
				BUNDLE_LOADER = "$(TEST_HOST)";
				FRAMEWORK_SEARCH_PATHS = (
					"$(SDKROOT)/Developer/Library/Frameworks",
					"$(inherited)",
				);
				GCC_PREPROCESSOR_DEFINITIONS = (
					"DEBUG=1",
					"$(inherited)",
				);
				INFOPLIST_FILE = learningAppTests/Info.plist;
				LD_RUNPATH_SEARCH_PATHS = "$(inherited) @executable_path/Frameworks @loader_path/Frameworks";
				PRODUCT_NAME = "$(TARGET_NAME)";
				TEST_HOST = "$(BUILT_PRODUCTS_DIR)/learningApp.app/learningApp";
			};
			name = Debug;
		};
		3C809D4F1AAC388A007318D1 /* Release */ = {
			isa = XCBuildConfiguration;
			buildSettings = {
				BUNDLE_LOADER = "$(TEST_HOST)";
				FRAMEWORK_SEARCH_PATHS = (
					"$(SDKROOT)/Developer/Library/Frameworks",
					"$(inherited)",
				);
				INFOPLIST_FILE = learningAppTests/Info.plist;
				LD_RUNPATH_SEARCH_PATHS = "$(inherited) @executable_path/Frameworks @loader_path/Frameworks";
				PRODUCT_NAME = "$(TARGET_NAME)";
				TEST_HOST = "$(BUILT_PRODUCTS_DIR)/learningApp.app/learningApp";
			};
			name = Release;
		};
/* End XCBuildConfiguration section */

/* Begin XCConfigurationList section */
		3C809D261AAC388A007318D1 /* Build configuration list for PBXProject "learningApp" */ = {
			isa = XCConfigurationList;
			buildConfigurations = (
				3C809D481AAC388A007318D1 /* Debug */,
				3C809D491AAC388A007318D1 /* Release */,
			);
			defaultConfigurationIsVisible = 0;
			defaultConfigurationName = Release;
		};
		3C809D4A1AAC388A007318D1 /* Build configuration list for PBXNativeTarget "learningApp" */ = {
			isa = XCConfigurationList;
			buildConfigurations = (
				3C809D4B1AAC388A007318D1 /* Debug */,
				3C809D4C1AAC388A007318D1 /* Release */,
			);
			defaultConfigurationIsVisible = 0;
			defaultConfigurationName = Release;
		};
		3C809D4D1AAC388A007318D1 /* Build configuration list for PBXNativeTarget "learningAppTests" */ = {
			isa = XCConfigurationList;
			buildConfigurations = (
				3C809D4E1AAC388A007318D1 /* Debug */,
				3C809D4F1AAC388A007318D1 /* Release */,
			);
			defaultConfigurationIsVisible = 0;
			defaultConfigurationName = Release;
		};
/* End XCConfigurationList section */
	};
	rootObject = 3C809D231AAC388A007318D1 /* Project object */;
}
